
Microsoft Visual Studio Solution File, Format Version 12.00
# Visual Studio Version 17
VisualStudioVersion = 17.11.35327.3
MinimumVisualStudioVersion = 10.0.40219.1
Project("{FAE04EC0-301F-11D3-BF4B-00C04F79EFBC}") = "MLAPP", "MLAPP\MLAPP.csproj", "{8130829F-B231-4957-9A6C-3C4BD2DDBEC1}"
EndProject
Global
	GlobalSection(SolutionConfigurationPlatforms) = preSolution
		Debug|Any CPU = Debug|Any CPU
		Release|Any CPU = Release|Any CPU
	EndGlobalSection
	GlobalSection(ProjectConfigurationPlatforms) = postSolution
		{8130829F-B231-4957-9A6C-3C4BD2DDBEC1}.Debug|Any CPU.ActiveCfg = Debug|Any CPU
		{8130829F-B231-4957-9A6C-3C4BD2DDBEC1}.Debug|Any CPU.Build.0 = Debug|Any CPU
		{8130829F-B231-4957-9A6C-3C4BD2DDBEC1}.Release|Any CPU.ActiveCfg = Release|Any CPU
		{8130829F-B231-4957-9A6C-3C4BD2DDBEC1}.Release|Any CPU.Build.0 = Release|Any CPU
	EndGlobalSection
	GlobalSection(SolutionProperties) = preSolution
		HideSolutionNode = FALSE
	EndGlobalSection
	GlobalSection(ExtensibilityGlobals) = postSolution
		SolutionGuid = {92C279B3-0ACB-4BAE-B7D5-395B461416D3}
	EndGlobalSection
EndGlobal
